{
  "name": "portal",
  "version": "1.0.0",
  "lockfileVersion": 3,
  "requires": true,
  "packages": {
    "": {
      "name": "portal",
      "version": "1.0.0",
      "license": "MIT",
      "workspaces": [
        "app",
        "packages/*",
        "server",
        "server/src/db",
        "services/*"
      ],
      "devDependencies": {
        "turbo": "2.5.0"
      },
      "engines": {
        "node": "18.20.0"
      }
    },
    "app": {
      "name": "customer-portal",
      "version": "0.0.0",
      "dependencies": {
        "@lfo/customer-portal-api": "*",
        "@lfo/serverless-lambda-api": "*"
      },
      "devDependencies": {},
      "engines": {
        "node": "18.20.0"
      }
    },
    "node_modules/@lfo/customer-portal-api": {
      "resolved": "server",
      "link": true
    },
    "node_modules/@lfo/server-core": {
      "resolved": "packages/a",
      "link": true
    },
    "node_modules/@lfo/serverless-lambda-api": {
      "resolved": "services/b",
      "link": true
    },
    "node_modules/customer-portal": {
      "resolved": "app",
      "link": true
    },
    "node_modules/db": {
      "resolved": "server/src/db",
      "link": true
    },
    "node_modules/turbo": {
      "version": "2.5.0",
      "dev": true,
      "license": "MIT",
      "bin": {
        "turbo": "bin/turbo"
      },
      "optionalDependencies": {
        "turbo-darwin-64": "2.5.0",
        "turbo-darwin-arm64": "2.5.0",
        "turbo-linux-64": "2.5.0",
        "turbo-linux-arm64": "2.5.0",
        "turbo-windows-64": "2.5.0",
        "turbo-windows-arm64": "2.5.0"
      }
    },
    "node_modules/turbo-linux-64": {
      "version": "2.5.0",
      "cpu": [
        "x64"
      ],
      "dev": true,
      "license": "MIT",
      "optional": true,
      "os": [
        "linux"
      ]
    },
    "packages/a": {
      "name": "@lfo/server-core",
      "version": "1.0.0",
      "license": "UNLICENSED",
      "devDependencies": {},
      "engines": {
        "node": "18.20.0"
      }
    },
    "server": {
      "name": "@lfo/customer-portal-api",
      "version": "1.0.0",
      "license": "MIT",
      "dependencies": {
        "@lfo/server-core": "*"
      },
      "devDependencies": {},
      "engines": {
        "node": "18.20.0"
      }
    },
    "server/src/db": {
      "version": "1.0.0",
      "license": "MIT",
      "dependencies": {
        "@lfo/customer-portal-api": "*"
      },
      "devDependencies": {},
      "engines": {
        "node": "18.20.0"
      }
    },
    "services/b": {
      "name": "@lfo/serverless-lambda-api",
      "version": "1.0.0",
      "license": "MIT",
      "dependencies": {
        "@lfo/server-core": "*"
      },
      "devDependencies": {},
      "engines": {
        "node": "18.20.0"
      }
    }
  }
}
