{
  "name": "portal",
  "version": "1.0.0",
  "lockfileVersion": 3,
  "requires": true,
  "packages": {
    "": {
      "name": "portal",
      "version": "1.0.0",
      "license": "MIT",
      "devDependencies": {
        "pnpm": "^10.9.0",
        "turbo": "^2.5.0"
      },
      "engines": {
        "node": "20.19.0"
      }
    },
    "app": {
      "name": "customer-portal",
      "version": "0.0.0",
      "extraneous": true,
      "dependencies": {
        "@angular-slider/ngx-slider": "18.0.0",
        "@angular/animations": "18.2.13",
        "@angular/cdk": "18.2.14",
        "@angular/common": "18.2.13",
        "@angular/compiler": "18.2.13",
        "@angular/core": "18.2.13",
        "@angular/forms": "18.2.13",
        "@angular/platform-browser": "18.2.13",
        "@angular/platform-browser-dynamic": "18.2.13",
        "@angular/router": "18.2.13",
        "@auth0/auth0-angular": "2.2.3",
        "@bugsnag/js": "8.2.0",
        "@bugsnag/plugin-angular": "8.3.0",
        "@fortawesome/fontawesome-pro": "github:lightforceortho/fontawesome-pro#6.4.2",
        "@intercom/messenger-js-sdk": "0.0.14",
        "@lfo/customer-portal-api": "*",
        "@lfo/serverless-lambda-api": "*",
        "@ng-select/ng-select": "13.9.1",
        "@ngx-translate/core": "14.0.0",
        "@ngx-translate/http-loader": "6.0.0",
        "@stardazed/streams-compression": "^1.0.0",
        "@stripe/stripe-js": "4.10.0",
        "@types/c3": "^0.7.6",
        "@types/chart.js": "2.9.38",
        "@types/papaparse": "^5.3.5",
        "ajv": "8.12.0",
        "angular-shepherd": "18.0.2",
        "angular2-draggable": "16.0.0",
        "bootstrap": "^4.3.1",
        "bwip-js": "2.0.6",
        "c3": "^0.7.20",
        "chart.js": "4.4.0",
        "core-js": "^2.5.4",
        "crypto-js": "4.1.1",
        "dat.gui": "^0.7.9",
        "file-saver": "2.0.2",
        "gramli-angular-notifier": "15.0.1",
        "jquery": "3.4.1",
        "lodash": "^4.17.15",
        "luxon": "^3.3.0",
        "math-ds": "1.2.1",
        "ml-matrix": "^6.11.1",
        "ml-regression-polynomial": "^3.0.1",
        "modernthree": "npm:three@^0.163.0",
        "modernthree-mesh-bvh": "npm:three-mesh-bvh@0.7.3",
        "moment": "2.24.0",
        "ngx-bootstrap": "18.1.3",
        "ngx-color-picker": "16.0.0",
        "ngx-device-detector": "8.0.0",
        "ngx-file-drop": "16.0.0",
        "ngx-image-zoom": "1.0.1",
        "ngx-img-fallback": "2.0.0",
        "ngx-red-zoom": "0.14.0",
        "ngx-stripe": "18.1.0",
        "panzoom": "^9.4.1",
        "papaparse": "^5.3.2",
        "primeng": "17.18.15",
        "roboto-fontface": "0.10.0",
        "rxjs": "~6.5.3",
        "sparse-octree": "6.1.0",
        "stripe": "8.211.0",
        "three": "0.151.0",
        "three-mesh-bvh": "0.5.5",
        "tslib": "2.3.0",
        "ua-parser-js": "1.0.37",
        "uuid": "8.3.0",
        "verb-nurbs": "git+ssh://git@github.com:lightforceortho/verb.git#lfo",
        "zone.js": "^0.14.10"
      },
      "devDependencies": {
        "@angular-devkit/build-angular": "18.2.15",
        "@angular/cli": "18.2.15",
        "@angular/compiler-cli": "18.2.13",
        "@angular/language-service": "18.2.13",
        "@types/crypto-js": "4.1.1",
        "@types/jasmine": "5.1.4",
        "@types/jasminewd2": "2.0.13",
        "@types/lodash": "4.14.189",
        "@types/modernthree": "npm:@types/three@^0.163.0",
        "@types/node": "16.18.25",
        "@types/offscreencanvas": "2019.6.2",
        "@types/resize-observer-browser": "^0.1.7",
        "@types/webgl2": "0.0.7",
        "codelyzer": "6.0.2",
        "cross-env": "7.0.3",
        "deep-diff": "~1.0.2",
        "flat": "~5.0.0",
        "glob": "10.3.10",
        "jasmine-core": "5.1.1",
        "jasmine-spec-reporter": "7.0.0",
        "junit-report-merger": "6.0.3",
        "karma": "6.4.4",
        "karma-chrome-launcher": "3.2.0",
        "karma-coverage-istanbul-reporter": "3.0.3",
        "karma-jasmine": "5.1.0",
        "karma-jasmine-html-reporter": "2.1.0",
        "karma-junit-reporter": "2.0.1",
        "karma-parallel": "^0.3.1",
        "karma-teamcity-reporter": "1.1.0",
        "ng-packagr": "^18.2.1",
        "patch-package": "^6.1.2",
        "portal-test-files": "git+ssh://git@github.com:lightforceortho/portal-test-files#1.4.13",
        "protractor": "~7.0.0",
        "puppeteer": "22.4.1",
        "rimraf": "5.0.1",
        "ts-node": "10.9.1",
        "typescript": "5.4.5",
        "webpack-bundle-analyzer": "4.10.1"
      },
      "engines": {
        "node": "20.19.0"
      }
    },
    "common": {
      "name": "@lfo/common",
      "version": "1.0.0",
      "extraneous": true,
      "license": "MIT",
      "dependencies": {
        "lodash": "4.17.21"
      },
      "devDependencies": {
        "@types/jest": "27.0.3",
        "jest": "27.0.6",
        "ts-jest": "27.0.5",
        "typescript": "4.9.5"
      }
    },
    "compliance": {
      "version": "1.0.0",
      "extraneous": true,
      "license": "ISC",
      "dependencies": {
        "@aws-sdk/client-iam": "^3.575.0",
        "csvtojson": "2.0.10",
        "lodash": "4.17.19"
      }
    },
    "node_modules/pnpm": {
      "version": "10.9.0",
      "resolved": "https://registry.npmjs.org/pnpm/-/pnpm-10.9.0.tgz",
      "integrity": "sha512-BIbjlGQNPB+zydQ9Sc+Sh5/3T4UWlZwjUwj1qPYuLhlSimXNwqMFj1h83nHro9W1YyfIwzqX5MQFHKSKEMotXw==",
      "dev": true,
      "license": "MIT",
      "bin": {
        "pnpm": "bin/pnpm.cjs",
        "pnpx": "bin/pnpx.cjs"
      },
      "engines": {
        "node": ">=18.12"
      },
      "funding": {
        "url": "https://opencollective.com/pnpm"
      }
    },
    "node_modules/turbo": {
      "version": "2.5.0",
      "resolved": "https://registry.npmjs.org/turbo/-/turbo-2.5.0.tgz",
      "integrity": "sha512-PvSRruOsitjy6qdqwIIyolv99+fEn57gP6gn4zhsHTEcCYgXPhv6BAxzAjleS8XKpo+Y582vTTA9nuqYDmbRuA==",
      "dev": true,
      "license": "MIT",
      "bin": {
        "turbo": "bin/turbo"
      },
      "optionalDependencies": {
        "turbo-darwin-64": "2.5.0",
        "turbo-darwin-arm64": "2.5.0",
        "turbo-linux-64": "2.5.0",
        "turbo-linux-arm64": "2.5.0",
        "turbo-windows-64": "2.5.0",
        "turbo-windows-arm64": "2.5.0"
      }
    },
    "node_modules/turbo-darwin-64": {
      "version": "2.5.0",
      "resolved": "https://registry.npmjs.org/turbo-darwin-64/-/turbo-darwin-64-2.5.0.tgz",
      "integrity": "sha512-fP1hhI9zY8hv0idym3hAaXdPi80TLovmGmgZFocVAykFtOxF+GlfIgM/l4iLAV9ObIO4SUXPVWHeBZQQ+Hpjag==",
      "cpu": [
        "x64"
      ],
      "dev": true,
      "license": "MIT",
      "optional": true,
      "os": [
        "darwin"
      ]
    },
    "node_modules/turbo-darwin-arm64": {
      "version": "2.5.0",
      "resolved": "https://registry.npmjs.org/turbo-darwin-arm64/-/turbo-darwin-arm64-2.5.0.tgz",
      "integrity": "sha512-p9sYq7kXH7qeJwIQE86cOWv/xNqvow846l6c/qWc26Ib1ci5W7V0sI5thsrP3eH+VA0d+SHalTKg5SQXgNQBWA==",
      "cpu": [
        "arm64"
      ],
      "dev": true,
      "license": "MIT",
      "optional": true,
      "os": [
        "darwin"
      ]
    },
    "node_modules/turbo-linux-64": {
      "version": "2.5.0",
      "cpu": [
        "x64"
      ],
      "dev": true,
      "license": "MIT",
      "optional": true,
      "os": [
        "linux"
      ]
    },
    "node_modules/turbo-linux-arm64": {
      "version": "2.5.0",
      "resolved": "https://registry.npmjs.org/turbo-linux-arm64/-/turbo-linux-arm64-2.5.0.tgz",
      "integrity": "sha512-bKBcbvuQHmsX116KcxHJuAcppiiBOfivOObh2O5aXNER6mce7YDDQJy00xQQNp1DhEfcSV2uOsvb3O3nN2cbcA==",
      "cpu": [
        "arm64"
      ],
      "dev": true,
      "license": "MIT",
      "optional": true,
      "os": [
        "linux"
      ]
    },
    "node_modules/turbo-windows-64": {
      "version": "2.5.0",
      "resolved": "https://registry.npmjs.org/turbo-windows-64/-/turbo-windows-64-2.5.0.tgz",
      "integrity": "sha512-9BCo8oQ7BO7J0K913Czbc3tw8QwLqn2nTe4E47k6aVYkM12ASTScweXPTuaPFP5iYXAT6z5Dsniw704Ixa5eGg==",
      "cpu": [
        "x64"
      ],
      "dev": true,
      "license": "MIT",
      "optional": true,
      "os": [
        "win32"
      ]
    },
    "node_modules/turbo-windows-arm64": {
      "version": "2.5.0",
      "resolved": "https://registry.npmjs.org/turbo-windows-arm64/-/turbo-windows-arm64-2.5.0.tgz",
      "integrity": "sha512-OUHCV+ueXa3UzfZ4co/ueIHgeq9B2K48pZwIxKSm5VaLVuv8M13MhM7unukW09g++dpdrrE1w4IOVgxKZ0/exg==",
      "cpu": [
        "arm64"
      ],
      "dev": true,
      "license": "MIT",
      "optional": true,
      "os": [
        "win32"
      ]
    },
    "packages/a": {
      "name": "@lfo/server-core",
      "version": "1.0.0",
      "extraneous": true,
      "license": "UNLICENSED",
      "dependencies": {
        "uuid": "8.3.2"
      },
      "devDependencies": {
        "@bugsnag/js": "7.25.0",
        "@bugsnag/plugin-aws-lambda": "7.25.0",
        "@bugsnag/plugin-express": "7.25.0",
        "@types/morgan": "1.9.3",
        "@types/uuid": "8.3.4",
        "aws-lambda": "1.0.7",
        "aws-sdk": "2.1300.0",
        "express": "4.17.1",
        "mocha": "9.1.3",
        "morgan": "1.10.0",
        "nodemon": "2.0.15",
        "rimraf": "3.0.2",
        "typescript": "4.9.5",
        "winston": "3.3.3"
      },
      "peerDependencies": {
        "@bugsnag/js": "7.25.0",
        "@bugsnag/plugin-aws-lambda": "7.25.0",
        "@bugsnag/plugin-express": "7.25.0",
        "winston": "3.3.3"
      }
    },
    "packages/aa": {
      "name": "@lfo/geometry-processing",
      "version": "1.0.0",
      "extraneous": true,
      "license": "UNLICENSED",
      "devDependencies": {
        "mocha": "9.1.3",
        "rimraf": "3.0.2",
        "three": "0.112.1",
        "typescript": "4.9.5"
      },
      "peerDependencies": {
        "three": "0.112.1"
      }
    },
    "packages/lfo-server-core": {
      "extraneous": true
    },
    "server": {
      "name": "@lfo/customer-portal-api",
      "version": "1.0.0",
      "extraneous": true,
      "license": "MIT",
      "dependencies": {
        "@aws-sdk/client-sns": "3.515.0",
        "@aws-sdk/client-ssm": "3.515.0",
        "@aws-sdk/rds-signer": "3.515.0",
        "@easypost/api": "6.6.1",
        "@lfo/common": "*",
        "@lfo/server-core": "*",
        "@resvg/resvg-js": "2.6.2",
        "@slack/web-api": "6.5.1",
        "@supercharge/promise-pool": "2.4.0",
        "@types/node": "16.18.25",
        "adm-zip": "0.5.4",
        "ajv": "8.6.2",
        "archiver": "5.0.2",
        "axios-oauth-1.0a": "0.3.4",
        "bcryptjs": "2.4.3",
        "body-parser": "1.18.3",
        "bwip-js": "^3.2.2",
        "compare-versions": "3.6.0",
        "cors": "2.8.5",
        "deep-diff": "1.0.2",
        "express-jwt": "8.3.0",
        "express-request-id": "1.4.1",
        "express-validator": "5.3.1",
        "fastest-levenshtein": "1.0.16",
        "file-type": "14.1.4",
        "flat": "5.0.2",
        "fs-extra": "9.1.0",
        "gm": "1.23.1",
        "into-stream": "4.0.0",
        "is-lambda": "1.0.1",
        "json-2-csv": "4.1.0",
        "jsonwebtoken": "8.4.0",
        "jspdf": "2.4.0",
        "jwks-rsa": "3.0.1",
        "jwt-decode": "4.0.0",
        "lodash": "4.17.21",
        "luxon": "3.2.1",
        "mathjs": "9.3.0",
        "moment": "2.24.0",
        "moment-timezone": "0.5.34",
        "multer": "1.4.1",
        "multer-s3": "2.9.0",
        "node-pg-migrate": "6.2.2",
        "nodemon": "2.0.15",
        "oauth-1.0a": "2.2.6",
        "password-validator": "5.1.1",
        "postmark": "2.7.8",
        "reflect-metadata": "0.1.12",
        "retry-axios": "2.6.0",
        "s3-zip": "3.2.1",
        "sequelize-typescript": "2.1.6",
        "serverless-http": "2.3.2",
        "source-map-support": "0.5.10",
        "stripe": "8.211.0",
        "tmp": "0.2.1",
        "try-thread-sleep": "2.0.0",
        "ts-retry-promise": "0.7.0",
        "unzipper": "0.10.11",
        "uuid": "3.3.2",
        "uuid-validate": "0.0.3",
        "validator": "13.5.2"
      },
      "devDependencies": {
        "@bugsnag/js": "7.25.0",
        "@bugsnag/plugin-express": "7.25.0",
        "@types/aws-lambda": "8.10.115",
        "@types/aws-sdk": "2.7.0",
        "@types/bcryptjs": "2.4.2",
        "@types/bwip-js": "^3.0.0",
        "@types/chai": "4.2.16",
        "@types/chai-as-promised": "7.1.3",
        "@types/chai-datetime": "0.0.37",
        "@types/cors": "2.8.4",
        "@types/express": "4.16.0",
        "@types/into-stream": "3.1.0",
        "@types/jsonwebtoken": "8.3.0",
        "@types/luxon": "3.2.0",
        "@types/mocha": "10.0.1",
        "@types/morgan": "1.7.35",
        "@types/multer": "1.3.7",
        "@types/multer-s3": "2.7.6",
        "@types/sinon": "7.0.13",
        "@types/supertest": "2.0.7",
        "@types/tmp": "0.2.2",
        "@types/unzipper": "0.10.4",
        "@types/winston": "2.4.4",
        "aws-sdk": "2.1300.0",
        "chai": "4.2.0",
        "chai-as-promised": "7.1.1",
        "chai-datetime": "1.8.0",
        "commander": "10.0.0",
        "cross-env": "7.0.2",
        "express": "4.16.4",
        "form-data": "4.0.0",
        "lerna-watch": "1.0.0",
        "mocha": "10.2.0",
        "mocha-junit-reporter": "1.18.0",
        "mocha-teamcity-reporter": "3.0.0",
        "morgan": "1.10.0",
        "nyc": "15.1.0",
        "pg": "8.6.0",
        "rimraf": "3.0.2",
        "s3rver": "3.7.0",
        "sequelize": "6.37.5",
        "sinon": "7.2.3",
        "supertest": "3.4.2",
        "ts-loader": "5.3.3",
        "ts-node": "10.9.1",
        "typescript": "4.9.5",
        "winston": "3.3.3"
      },
      "engines": {
        "node": "20.19.0"
      },
      "optionalDependencies": {
        "@resvg/resvg-js-linux-x64-musl": "github:lightforceortho/resvg-js-linux-x64-musl#2.6.2"
      },
      "peerDependencies": {
        "@bugsnag/js": "7.25.0",
        "@bugsnag/plugin-express": "7.25.0",
        "aws-sdk": "2.1300.0",
        "express": "4.16.4",
        "morgan": "1.10.0",
        "pg": "8.6.0",
        "sequelize": "6.37.5",
        "winston": "3.3.3"
      }
    },
    "server/src/db": {
      "version": "1.0.0",
      "extraneous": true,
      "license": "MIT",
      "dependencies": {
        "@lfo/customer-portal-api": "*"
      },
      "devDependencies": {},
      "engines": {
        "node": "20.19.0"
      }
    },
    "services/animation-recorder": {
      "name": "@lfo/animation-recorder",
      "version": "1.0.0",
      "extraneous": true,
      "dependencies": {
        "@sparticuz/chromium": "123.0.1",
        "aws-sdk": "2.1300",
        "axios": "0.24.0",
        "puppeteer-core": "22.10.0",
        "retry-axios": "2.6.0"
      },
      "devDependencies": {
        "esbuild": "^0.21.5",
        "ts-node": "10.9.1",
        "typescript": "^5.4.5"
      }
    },
    "services/auth-lambdas": {
      "name": "@lfo/auth-lambdas",
      "version": "1.0.0",
      "extraneous": true,
      "license": "MIT",
      "dependencies": {
        "@bugsnag/js": "7.25.0",
        "@bugsnag/plugin-aws-lambda": "7.25.0",
        "@types/node": "16.18.25",
        "auth0": "2.42.0",
        "aws-sdk": "2.1300.0",
        "axios": "1.1.3",
        "uuid": "8.3.2",
        "winston": "3.3.3"
      },
      "devDependencies": {
        "@lfo/server-core": "file:../../packages/lfo-server-core",
        "@types/auth0": "2.35.2",
        "@types/aws-lambda": "8.10.17",
        "@types/aws-sdk": "2.7.0",
        "@types/uuid": "8.3.4",
        "cross-env": "7.0.3",
        "lerna-watch": "1.0.0",
        "mocha": "9.1.3",
        "nodemon": "2.0.15",
        "rimraf": "3.0.2",
        "ts-node": "10.9.1",
        "tslint": "5.12.1",
        "typescript": "4.9.5"
      },
      "engines": {
        "node": "20.19.0"
      }
    },
    "services/b": {
      "name": "@lfo/serverless-lambda-api",
      "version": "1.0.0",
      "extraneous": true,
      "license": "MIT",
      "dependencies": {
        "@lfo/server-core": "*"
      },
      "devDependencies": {},
      "engines": {
        "node": "18.20.0"
      }
    },
    "services/backfill": {
      "name": "@lfo/backfill",
      "version": "1.0.0",
      "extraneous": true,
      "dependencies": {
        "@aws-lambda-powertools/logger": "^2.1.1",
        "@aws-sdk/client-secrets-manager": "^3.600.0",
        "@sparticuz/chromium": "^123.0.1",
        "puppeteer-core": "^22.10.0",
        "valibot": "^0.31.1"
      },
      "devDependencies": {
        "@aws-sdk/client-sqs": "^3.614.0",
        "@types/aws-lambda": "^8.10.138",
        "esbuild": "^0.21.5",
        "typescript": "^5.4.5"
      }
    },
    "services/c": {
      "name": "@lfo/c",
      "version": "1.0.0",
      "extraneous": true,
      "license": "MIT",
      "devDependencies": {},
      "engines": {
        "node": "18.20.0"
      }
    },
    "services/cloudfront-access": {
      "name": "@lfo/cloudfront-access",
      "version": "1.0.0",
      "extraneous": true,
      "license": "MIT",
      "engines": {
        "node": "20.19.0"
      }
    },
    "services/lambda-api": {
      "name": "@lfo/serverless-lambda-api",
      "version": "1.0.0",
      "extraneous": true,
      "license": "MIT",
      "dependencies": {
        "@aws-sdk/client-ssm": "3.515.0",
        "@bugsnag/js": "7.25.0",
        "@bugsnag/plugin-express": "7.25.0",
        "@databricks/sql": "1.8.4",
        "@lfo/common": "*",
        "@lfo/customer-portal-api": "*",
        "@lfo/geometry-processing": "*",
        "@lfo/server-core": "*",
        "@resvg/resvg-js": "2.6.2",
        "@supercharge/promise-pool": "2.4.0",
        "@types/node": "16.18.25",
        "ajv": "8.6.2",
        "cors": "2.8.5",
        "express": "4.16.4",
        "express-validator": "5.3.1",
        "gm": "1.23.1",
        "jspdf": "2.4.0",
        "lodash": "4.17.21",
        "mathjs": "9.3.0",
        "moment": "2.24.0",
        "moment-timezone": "0.5.34",
        "morgan": "1.10.0",
        "pg": "8.6.0",
        "sequelize": "6.37.5",
        "source-map-support": "0.5.10",
        "three": "0.112.1",
        "unzipper": "0.10.11",
        "uuid": "3.3.2",
        "uuid-validate": "0.0.3",
        "winston": "3.3.3"
      },
      "devDependencies": {
        "@types/aws-lambda": "8.10.115",
        "@types/mocha": "10.0.1",
        "@types/sinon": "7.0.13",
        "@types/supertest": "2.0.7",
        "cross-env": "7.0.3",
        "lerna-watch": "1.0.0",
        "mocha": "10.2.0",
        "mocha-teamcity-reporter": "3.0.0",
        "nodemon": "2.0.15",
        "rimraf": "3.0.2",
        "serverless-http": "2.3.2",
        "sinon": "7.2.3",
        "stripe": "8.211.0",
        "supertest": "3.4.2",
        "ts-node": "10.9.1",
        "tslint": "5.12.1",
        "typescript": "4.9.5"
      },
      "engines": {
        "node": "20.19.0"
      },
      "optionalDependencies": {
        "@resvg/resvg-js-linux-x64-musl": "github:lightforceortho/resvg-js-linux-x64-musl#2.6.2"
      }
    },
    "services/portal-ecs-api": {
      "name": "@lfo/portal-ecs-api",
      "version": "1.0.0",
      "extraneous": true,
      "license": "UNLICENSED",
      "dependencies": {
        "@bugsnag/js": "7.25.0",
        "@bugsnag/plugin-express": "7.25.0",
        "@lfo/common": "*",
        "@lfo/customer-portal-api": "*",
        "@lfo/server-core": "*",
        "@types/node": "16.18.25",
        "aws-sdk": "2.1300.0",
        "axios": "0.24.0",
        "content-type": "1.0.4",
        "express": "4.16.4",
        "morgan": "1.10.0",
        "newrelic": "11.15.0",
        "pg": "8.6.0",
        "raw-body": "2.4.2",
        "sequelize": "6.37.5",
        "winston": "3.3.3"
      },
      "devDependencies": {
        "@types/newrelic": "9.14.3",
        "rimraf": "3.0.2",
        "ts-node": "10.9.1",
        "tslint": "5.12.1",
        "typescript": "4.9.5"
      },
      "engines": {
        "node": "20.19.0"
      }
    }
  }
}
